
Microsoft Visual Studio Solution File, Format Version 12.00
# Visual Studio 15
VisualStudioVersion = 15.0.28010.2041
MinimumVisualStudioVersion = 10.0.40219.1
Project("{8BC9CEB8-8B4A-11D0-8D11-00A0C91BC942}") = "01ReadingWritingFormatting", "01ReadingAndWriting\01ReadingAndWriting.vcxproj", "{3CB09022-6F46-4CE8-900B-D0146296AC34}"
EndProject
Project("{8BC9CEB8-8B4A-11D0-8D11-00A0C91BC942}") = "00Testing", "00Testing\00Testing.vcxproj", "{4A3B38E5-90FF-4DFA-BD41-32A7B639F20B}"
EndProject
Project("{8BC9CEB8-8B4A-11D0-8D11-00A0C91BC942}") = "02OperationsAndRounding", "02NumbersAndMath\02NumbersAndMath.vcxproj", "{FDD210AD-3F18-4E84-9C0F-E24D4FB534E3}"
EndProject
Project("{8BC9CEB8-8B4A-11D0-8D11-00A0C91BC942}") = "03ConditionalStatements", "03ConditionalStatements\03ConditionalStatements.vcxproj", "{DC4642C2-E0CF-47B8-A74F-41423BAA3104}"
EndProject
Project("{8BC9CEB8-8B4A-11D0-8D11-00A0C91BC942}") = "04Loops", "04Loops\04Loops.vcxproj", "{9FC95E50-CD91-43E2-8F99-93EBBF9BC6A6}"
EndProject
Global
	GlobalSection(SolutionConfigurationPlatforms) = preSolution
		Debug|x64 = Debug|x64
		Debug|x86 = Debug|x86
		Release|x64 = Release|x64
		Release|x86 = Release|x86
	EndGlobalSection
	GlobalSection(ProjectConfigurationPlatforms) = postSolution
		{3CB09022-6F46-4CE8-900B-D0146296AC34}.Debug|x64.ActiveCfg = Debug|x64
		{3CB09022-6F46-4CE8-900B-D0146296AC34}.Debug|x64.Build.0 = Debug|x64
		{3CB09022-6F46-4CE8-900B-D0146296AC34}.Debug|x86.ActiveCfg = Debug|Win32
		{3CB09022-6F46-4CE8-900B-D0146296AC34}.Debug|x86.Build.0 = Debug|Win32
		{3CB09022-6F46-4CE8-900B-D0146296AC34}.Release|x64.ActiveCfg = Release|x64
		{3CB09022-6F46-4CE8-900B-D0146296AC34}.Release|x64.Build.0 = Release|x64
		{3CB09022-6F46-4CE8-900B-D0146296AC34}.Release|x86.ActiveCfg = Release|Win32
		{3CB09022-6F46-4CE8-900B-D0146296AC34}.Release|x86.Build.0 = Release|Win32
		{4A3B38E5-90FF-4DFA-BD41-32A7B639F20B}.Debug|x64.ActiveCfg = Debug|x64
		{4A3B38E5-90FF-4DFA-BD41-32A7B639F20B}.Debug|x64.Build.0 = Debug|x64
		{4A3B38E5-90FF-4DFA-BD41-32A7B639F20B}.Debug|x86.ActiveCfg = Debug|Win32
		{4A3B38E5-90FF-4DFA-BD41-32A7B639F20B}.Debug|x86.Build.0 = Debug|Win32
		{4A3B38E5-90FF-4DFA-BD41-32A7B639F20B}.Release|x64.ActiveCfg = Release|x64
		{4A3B38E5-90FF-4DFA-BD41-32A7B639F20B}.Release|x64.Build.0 = Release|x64
		{4A3B38E5-90FF-4DFA-BD41-32A7B639F20B}.Release|x86.ActiveCfg = Release|Win32
		{4A3B38E5-90FF-4DFA-BD41-32A7B639F20B}.Release|x86.Build.0 = Release|Win32
		{FDD210AD-3F18-4E84-9C0F-E24D4FB534E3}.Debug|x64.ActiveCfg = Debug|x64
		{FDD210AD-3F18-4E84-9C0F-E24D4FB534E3}.Debug|x64.Build.0 = Debug|x64
		{FDD210AD-3F18-4E84-9C0F-E24D4FB534E3}.Debug|x86.ActiveCfg = Debug|Win32
		{FDD210AD-3F18-4E84-9C0F-E24D4FB534E3}.Debug|x86.Build.0 = Debug|Win32
		{FDD210AD-3F18-4E84-9C0F-E24D4FB534E3}.Release|x64.ActiveCfg = Release|x64
		{FDD210AD-3F18-4E84-9C0F-E24D4FB534E3}.Release|x64.Build.0 = Release|x64
		{FDD210AD-3F18-4E84-9C0F-E24D4FB534E3}.Release|x86.ActiveCfg = Release|Win32
		{FDD210AD-3F18-4E84-9C0F-E24D4FB534E3}.Release|x86.Build.0 = Release|Win32
		{DC4642C2-E0CF-47B8-A74F-41423BAA3104}.Debug|x64.ActiveCfg = Debug|x64
		{DC4642C2-E0CF-47B8-A74F-41423BAA3104}.Debug|x64.Build.0 = Debug|x64
		{DC4642C2-E0CF-47B8-A74F-41423BAA3104}.Debug|x86.ActiveCfg = Debug|Win32
		{DC4642C2-E0CF-47B8-A74F-41423BAA3104}.Debug|x86.Build.0 = Debug|Win32
		{DC4642C2-E0CF-47B8-A74F-41423BAA3104}.Release|x64.ActiveCfg = Release|x64
		{DC4642C2-E0CF-47B8-A74F-41423BAA3104}.Release|x64.Build.0 = Release|x64
		{DC4642C2-E0CF-47B8-A74F-41423BAA3104}.Release|x86.ActiveCfg = Release|Win32
		{DC4642C2-E0CF-47B8-A74F-41423BAA3104}.Release|x86.Build.0 = Release|Win32
		{9FC95E50-CD91-43E2-8F99-93EBBF9BC6A6}.Debug|x64.ActiveCfg = Debug|x64
		{9FC95E50-CD91-43E2-8F99-93EBBF9BC6A6}.Debug|x64.Build.0 = Debug|x64
		{9FC95E50-CD91-43E2-8F99-93EBBF9BC6A6}.Debug|x86.ActiveCfg = Debug|Win32
		{9FC95E50-CD91-43E2-8F99-93EBBF9BC6A6}.Debug|x86.Build.0 = Debug|Win32
		{9FC95E50-CD91-43E2-8F99-93EBBF9BC6A6}.Release|x64.ActiveCfg = Release|x64
		{9FC95E50-CD91-43E2-8F99-93EBBF9BC6A6}.Release|x64.Build.0 = Release|x64
		{9FC95E50-CD91-43E2-8F99-93EBBF9BC6A6}.Release|x86.ActiveCfg = Release|Win32
		{9FC95E50-CD91-43E2-8F99-93EBBF9BC6A6}.Release|x86.Build.0 = Release|Win32
	EndGlobalSection
	GlobalSection(SolutionProperties) = preSolution
		HideSolutionNode = FALSE
	EndGlobalSection
	GlobalSection(ExtensibilityGlobals) = postSolution
		SolutionGuid = {7A838875-B09C-481E-B1EB-9C4D524D92D6}
	EndGlobalSection
EndGlobal
